PODS:
  - Alamofire (4.9.1)
  - Floaty (4.2.0)
  - IQKeyboardManager (6.5.4)
  - Kingfisher (5.12.0):
    - Kingfisher/Core (= 5.12.0)
  - Kingfisher/Core (5.12.0)
  - Moya (13.0.1):
    - Moya/Core (= 13.0.1)
  - Moya/Core (13.0.1):
    - Alamofire (~> 4.1)
    - Result (~> 4.1)
  - Result (4.1.0)
  - TextFieldEffects (1.6.0)
  - youtube-ios-player-helper (0.1.6)

DEPENDENCIES:
  - Floaty
  - IQKeyboardManager
  - Kingfisher
  - Moya
  - TextFieldEffects
  - youtube-ios-player-helper

SPEC REPOS:
  trunk:
    - Alamofire
    - Floaty
    - IQKeyboardManager
    - Kingfisher
    - Moya
    - Result
    - TextFieldEffects
    - youtube-ios-player-helper

SPEC CHECKSUMS:
  Alamofire: 85e8a02c69d6020a0d734f6054870d7ecb75cf18
  Floaty: e2bd5a0f6f7f70899e26ff2da31081c8bee8d1b0
  IQKeyboardManager: 72b359cd7e777e3a984cedbe05f8da45320cbb63
  Kingfisher: dc6e0f53bb5b12c3e75bedb0e01bbd7a640eea69
  Moya: f4a4b80ff2f8a4ffc208dfb31cd91636622fee6e
  Result: bd966fac789cc6c1563440b348ab2598cc24d5c7
  TextFieldEffects: 529b8aff706fb40f82c41c780c0777941a893796
  youtube-ios-player-helper: 21ab92db027c7ff86cb17a3843a3f6eafc8158d2

PODFILE CHECKSUM: d9702d98b5a12a6836aa9b8010623f28df99e847

COCOAPODS: 1.8.4
